# This file is automatically @generated by Cargo.
# It is not intended for manual editing.
version = 3

[[package]]
name = "genco"
version = "0.17.5"
source = "git+https://github.com/udoprog/genco?branch=proc-macro2-fork#c16e0670f7f21a44cc71fa5e22c6122b8ddfd7f7"
dependencies = [
 "genco-macros",
 "relative-path",
 "smallvec",
]

[[package]]
name = "genco-macros"
version = "0.17.5"
source = "git+https://github.com/udoprog/genco?branch=proc-macro2-fork#c16e0670f7f21a44cc71fa5e22c6122b8ddfd7f7"
dependencies = [
 "proc-macro2",
 "quote",
 "syn",
]

[[package]]
name = "proc-macro2"
version = "1.0.66"
source = "git+https://github.com/udoprog/proc-macro2?branch=span-locations#77564cbe25adc1201c9662139f84cfa7b72da9df"
dependencies = [
 "unicode-ident",
]

[[package]]
name = "quote"
version = "1.0.33"
source = "registry+https://github.com/rust-lang/crates.io-index"
checksum = "5267fca4496028628a95160fc423a33e8b2e6af8a5302579e322e4b520293cae"
dependencies = [
 "proc-macro2",
]

[[package]]
name = "relative-path"
version = "1.9.0"
source = "registry+https://github.com/rust-lang/crates.io-index"
checksum = "c707298afce11da2efef2f600116fa93ffa7a032b5d7b628aa17711ec81383ca"

[[package]]
name = "smallvec"
version = "1.11.1"
source = "registry+https://github.com/rust-lang/crates.io-index"
checksum = "942b4a808e05215192e39f4ab80813e599068285906cc91aa64f923db842bd5a"

[[package]]
name = "syn"
version = "1.0.109"
source = "registry+https://github.com/rust-lang/crates.io-index"
checksum = "72b64191b275b66ffe2469e8af2c1cfe3bafa67b529ead792a6d0160888b4237"
dependencies = [
 "proc-macro2",
 "quote",
 "unicode-ident",
]

[[package]]
name = "unicode-ident"
version = "1.0.12"
source = "registry+https://github.com/rust-lang/crates.io-index"
checksum = "3354b9ac3fae1ff6755cb6db53683adb661634f67557942dea4facebec0fee4b"

[[package]]
name = "vcd"
version = "0.7.0"
source = "registry+https://github.com/rust-lang/crates.io-index"
checksum = "4505774fc84de82eb04caa74d859342b0daa376f4c6df45149593245dd62c004"

[[package]]
name = "vcdanalyzer"
version = "0.1.0"
dependencies = [
 "genco",
 "vcd",
]
